
Microsoft Visual Studio Solution File, Format Version 12.00
# Visual Studio Version 17
VisualStudioVersion = 17.5.33424.131
MinimumVisualStudioVersion = 10.0.40219.1
Project("{8BC9CEB8-8B4A-11D0-8D11-00A0C91BC942}") = "Hangman", "Hangman\Hangman.vcxproj", "{A32ABC36-8B63-485E-8807-9EB1E5ED3549}"
EndProject
Global
	GlobalSection(SolutionConfigurationPlatforms) = preSolution
		Debug|x64 = Debug|x64
		Release|x64 = Release|x64
	EndGlobalSection
	GlobalSection(ProjectConfigurationPlatforms) = postSolution
		{A32ABC36-8B63-485E-8807-9EB1E5ED3549}.Debug|x64.ActiveCfg = Debug|x64
		{A32ABC36-8B63-485E-8807-9EB1E5ED3549}.Debug|x64.Build.0 = Debug|x64
		{A32ABC36-8B63-485E-8807-9EB1E5ED3549}.Release|x64.ActiveCfg = Release|x64
		{A32ABC36-8B63-485E-8807-9EB1E5ED3549}.Release|x64.Build.0 = Release|x64
	EndGlobalSection
	GlobalSection(SolutionProperties) = preSolution
		HideSolutionNode = FALSE
	EndGlobalSection
	GlobalSection(ExtensibilityGlobals) = postSolution
		SolutionGuid = {AC9429B4-05FE-423C-AA1A-4F1B65668A49}
	EndGlobalSection
EndGlobal
