<?xml version="1.0" encoding="utf-8"?>
<Project ToolsVersion="4.0" xmlns="http://schemas.microsoft.com/developer/msbuild/2003">
  <ItemGroup>
    <Filter Include="Source Files">
      <UniqueIdentifier>{4FC737F1-C7A5-4376-A066-2A32D752A2FF}</UniqueIdentifier>
      <Extensions>qml;cpp;c;cc;cxx;def;odl;idl;hpj;bat;asm;asmx</Extensions>
    </Filter>
    <Filter Include="Header Files">
      <UniqueIdentifier>{93995380-89BD-4b04-88EB-625FBE52EBFB}</UniqueIdentifier>
      <Extensions>h;hh;hpp;hxx;hm;inl;inc;xsd</Extensions>
    </Filter>
    <Filter Include="Resource Files">
      <UniqueIdentifier>{67DA6AB6-F800-4c08-8B7A-83BB121AAD01}</UniqueIdentifier>
      <Extensions>qrc;rc;ico;cur;bmp;dlg;rc2;rct;bin;rgs;gif;jpg;jpeg;jpe;resx;tiff;tif;png;wav;mfcribbon-ms</Extensions>
    </Filter>
    <Filter Include="Form Files">
      <UniqueIdentifier>{99349809-55BA-4b9d-BF79-8FDBB0286EB3}</UniqueIdentifier>
      <Extensions>ui</Extensions>
    </Filter>
    <Filter Include="Translation Files">
      <UniqueIdentifier>{639EADAA-A684-42e4-A9AD-28FC9BCB8F7C}</UniqueIdentifier>
      <Extensions>ts</Extensions>
    </Filter>
  </ItemGroup>
  <ItemGroup>
    <ClCompile Include="main.cpp">
      <Filter>Source Files</Filter>
    </ClCompile>
    <ClCompile Include="console_helpers.cpp">
      <Filter>Source Files</Filter>
    </ClCompile>
    <ClCompile Include="hangman.cpp">
      <Filter>Source Files</Filter>
    </ClCompile>
    <ClCompile Include="dictionary.cpp">
      <Filter>Source Files</Filter>
    </ClCompile>
    <ClCompile Include="console_section.cpp">
      <Filter>Source Files</Filter>
    </ClCompile>
    <ClCompile Include="dictionary_helpers.cpp">
      <Filter>Source Files</Filter>
    </ClCompile>
    <ClCompile Include="game_state.cpp">
      <Filter>Source Files</Filter>
    </ClCompile>
    <ClCompile Include="main_menu_section.cpp">
      <Filter>Source Files</Filter>
    </ClCompile>
    <ClCompile Include="menu_section.cpp">
      <Filter>Source Files</Filter>
    </ClCompile>
    <ClCompile Include="top_bar_section.cpp">
      <Filter>Source Files</Filter>
    </ClCompile>
    <ClCompile Include="console_reader.cpp">
      <Filter>Source Files</Filter>
    </ClCompile>
    <ClCompile Include="dictionaries_menu.cpp">
      <Filter>Source Files</Filter>
    </ClCompile>
    <ClCompile Include="menu_section_with_single_callback.cpp">
      <Filter>Source Files</Filter>
    </ClCompile>
    <ClCompile Include="game_section.cpp">
      <Filter>Source Files</Filter>
    </ClCompile>
    <ClCompile Include="hangman_section.cpp">
      <Filter>Source Files</Filter>
    </ClCompile>
    <ClCompile Include="game_controller.cpp">
      <Filter>Source Files</Filter>
    </ClCompile>
    <ClCompile Include="selected_dictionary_section.cpp">
      <Filter>Source Files</Filter>
    </ClCompile>
    <ClCompile Include="hangman_draw_controller.cpp">
      <Filter>Source Files</Filter>
    </ClCompile>
    <ClCompile Include="alphabet_section.cpp">
      <Filter>Source Files</Filter>
    </ClCompile>
    <ClCompile Include="target_word_section.cpp">
      <Filter>Source Files</Filter>
    </ClCompile>
    <ClCompile Include="game_over_menu.cpp">
      <Filter>Source Files</Filter>
    </ClCompile>
    <ClCompile Include="game_result_section.cpp">
      <Filter>Source Files</Filter>
    </ClCompile>
    <ClCompile Include="string_utils.cpp">
      <Filter>Source Files</Filter>
    </ClCompile>
    <ClCompile Include="rect.cpp">
      <Filter>Source Files</Filter>
    </ClCompile>
  </ItemGroup>
  <ItemGroup>
    <ClInclude Include="console_helpers.h">
      <Filter>Header Files</Filter>
    </ClInclude>
    <ClInclude Include="coord.h">
      <Filter>Header Files</Filter>
    </ClInclude>
    <ClInclude Include="dictionary.h">
      <Filter>Header Files</Filter>
    </ClInclude>
    <ClInclude Include="console_section.h">
      <Filter>Header Files</Filter>
    </ClInclude>
    <ClInclude Include="dictionary_helpers.h">
      <Filter>Header Files</Filter>
    </ClInclude>
    <ClInclude Include="game_state.h">
      <Filter>Header Files</Filter>
    </ClInclude>
    <ClInclude Include="main_menu_section.h">
      <Filter>Header Files</Filter>
    </ClInclude>
    <ClInclude Include="hangman.h">
      <Filter>Header Files</Filter>
    </ClInclude>
    <ClInclude Include="menu_entry.h">
      <Filter>Header Files</Filter>
    </ClInclude>
    <ClInclude Include="menu_section.h">
      <Filter>Header Files</Filter>
    </ClInclude>
    <ClInclude Include="top_bar_section.h">
      <Filter>Header Files</Filter>
    </ClInclude>
    <ClInclude Include="version.h">
      <Filter>Header Files</Filter>
    </ClInclude>
    <ClInclude Include="key_codes.h">
      <Filter>Header Files</Filter>
    </ClInclude>
    <ClInclude Include="dictionaries_menu.h">
      <Filter>Header Files</Filter>
    </ClInclude>
    <ClInclude Include="dictionaries_map.h">
      <Filter>Header Files</Filter>
    </ClInclude>
    <ClInclude Include="menu_entry_callback.h">
      <Filter>Header Files</Filter>
    </ClInclude>
    <ClInclude Include="menu_section_with_single_callback.h">
      <Filter>Header Files</Filter>
    </ClInclude>
    <ClInclude Include="dictionary_restrictions.h">
      <Filter>Header Files</Filter>
    </ClInclude>
    <ClInclude Include="game_section.h">
      <Filter>Header Files</Filter>
    </ClInclude>
    <ClInclude Include="section_rects.h">
      <Filter>Header Files</Filter>
    </ClInclude>
    <ClInclude Include="hangman_section.h">
      <Filter>Header Files</Filter>
    </ClInclude>
    <ClInclude Include="game_controller_state.h">
      <Filter>Header Files</Filter>
    </ClInclude>
    <ClInclude Include="selected_dictionary_section.h">
      <Filter>Header Files</Filter>
    </ClInclude>
    <ClInclude Include="ascii_art.h">
      <Filter>Header Files</Filter>
    </ClInclude>
    <ClInclude Include="hangman_draw_controller.h">
      <Filter>Header Files</Filter>
    </ClInclude>
    <ClInclude Include="alphabet_section.h">
      <Filter>Header Files</Filter>
    </ClInclude>
    <ClInclude Include="open_letter_result.h">
      <Filter>Header Files</Filter>
    </ClInclude>
    <ClInclude Include="target_word_section.h">
      <Filter>Header Files</Filter>
    </ClInclude>
    <ClInclude Include="game_over_menu.h">
      <Filter>Header Files</Filter>
    </ClInclude>
    <ClInclude Include="game_result_section.h">
      <Filter>Header Files</Filter>
    </ClInclude>
    <ClInclude Include="char.h">
      <Filter>Header Files</Filter>
    </ClInclude>
    <ClInclude Include="console_reader.h">
      <Filter>Header Files</Filter>
    </ClInclude>
    <ClInclude Include="game_controller.h">
      <Filter>Header Files</Filter>
    </ClInclude>
    <ClInclude Include="string_utils.h">
      <Filter>Header Files</Filter>
    </ClInclude>
    <ClInclude Include="rect.h">
      <Filter>Header Files</Filter>
    </ClInclude>
  </ItemGroup>
</Project>